
Microsoft Visual Studio Solution File, Format Version 12.00
# Visual Studio Version 16
VisualStudioVersion = 16.0.31729.503
MinimumVisualStudioVersion = 10.0.40219.1
Project("{C7167F0D-BC9F-4E6E-AFE1-012C56B48DB5}") = "UDota.WindowsApp (Package)", "UDota.WindowsApp\UDota.WindowsApp (Package)\UDota.WindowsApp (Package).wapproj", "{F86DC344-9031-4AC9-BFB6-42C50F9EAD77}"
EndProject
Project("{9A19103F-16F7-4668-BE54-9A1E7A4F7556}") = "UDota.WindowsApp", "UDota.WindowsApp\UDota.WindowsApp\UDota.WindowsApp.csproj", "{82A5B7D1-8DA5-4806-815E-BFC21B0594C5}"
EndProject
Project("{9A19103F-16F7-4668-BE54-9A1E7A4F7556}") = "UDota.CoreLib", "UDota.CoreLib\UDota.CoreLib.csproj", "{A36E4B34-0458-4F62-B375-4C9D1CCF133A}"
EndProject
Project("{9A19103F-16F7-4668-BE54-9A1E7A4F7556}") = "UDota.CoreLib.UnitTests", "UDota.CoreLib.UnitTests\UDota.CoreLib.UnitTests.csproj", "{488111C9-BFFD-4DB9-A781-182EE3B2B663}"
EndProject
Project("{FAE04EC0-301F-11D3-BF4B-00C04F79EFBC}") = "UDota.WindowsApp.UnitTests", "UDota.WindowsApp.UnitTests\UDota.WindowsApp.UnitTests.csproj", "{E3B2CF31-39AF-4000-B6C5-F56351F7C13C}"
EndProject
Global
	GlobalSection(SolutionConfigurationPlatforms) = preSolution
		Debug|Any CPU = Debug|Any CPU
		Debug|arm64 = Debug|arm64
		Debug|x64 = Debug|x64
		Debug|x86 = Debug|x86
		Release|Any CPU = Release|Any CPU
		Release|arm64 = Release|arm64
		Release|x64 = Release|x64
		Release|x86 = Release|x86
	EndGlobalSection
	GlobalSection(ProjectConfigurationPlatforms) = postSolution
		{F86DC344-9031-4AC9-BFB6-42C50F9EAD77}.Debug|Any CPU.ActiveCfg = Debug|x86
		{F86DC344-9031-4AC9-BFB6-42C50F9EAD77}.Debug|arm64.ActiveCfg = Debug|arm64
		{F86DC344-9031-4AC9-BFB6-42C50F9EAD77}.Debug|arm64.Build.0 = Debug|arm64
		{F86DC344-9031-4AC9-BFB6-42C50F9EAD77}.Debug|arm64.Deploy.0 = Debug|arm64
		{F86DC344-9031-4AC9-BFB6-42C50F9EAD77}.Debug|x64.ActiveCfg = Debug|x64
		{F86DC344-9031-4AC9-BFB6-42C50F9EAD77}.Debug|x64.Build.0 = Debug|x64
		{F86DC344-9031-4AC9-BFB6-42C50F9EAD77}.Debug|x64.Deploy.0 = Debug|x64
		{F86DC344-9031-4AC9-BFB6-42C50F9EAD77}.Debug|x86.ActiveCfg = Debug|x86
		{F86DC344-9031-4AC9-BFB6-42C50F9EAD77}.Debug|x86.Build.0 = Debug|x86
		{F86DC344-9031-4AC9-BFB6-42C50F9EAD77}.Debug|x86.Deploy.0 = Debug|x86
		{F86DC344-9031-4AC9-BFB6-42C50F9EAD77}.Release|Any CPU.ActiveCfg = Release|x86
		{F86DC344-9031-4AC9-BFB6-42C50F9EAD77}.Release|arm64.ActiveCfg = Release|arm64
		{F86DC344-9031-4AC9-BFB6-42C50F9EAD77}.Release|arm64.Build.0 = Release|arm64
		{F86DC344-9031-4AC9-BFB6-42C50F9EAD77}.Release|arm64.Deploy.0 = Release|arm64
		{F86DC344-9031-4AC9-BFB6-42C50F9EAD77}.Release|x64.ActiveCfg = Release|x64
		{F86DC344-9031-4AC9-BFB6-42C50F9EAD77}.Release|x64.Build.0 = Release|x64
		{F86DC344-9031-4AC9-BFB6-42C50F9EAD77}.Release|x64.Deploy.0 = Release|x64
		{F86DC344-9031-4AC9-BFB6-42C50F9EAD77}.Release|x86.ActiveCfg = Release|x86
		{F86DC344-9031-4AC9-BFB6-42C50F9EAD77}.Release|x86.Build.0 = Release|x86
		{F86DC344-9031-4AC9-BFB6-42C50F9EAD77}.Release|x86.Deploy.0 = Release|x86
		{82A5B7D1-8DA5-4806-815E-BFC21B0594C5}.Debug|Any CPU.ActiveCfg = Debug|x86
		{82A5B7D1-8DA5-4806-815E-BFC21B0594C5}.Debug|arm64.ActiveCfg = Debug|arm64
		{82A5B7D1-8DA5-4806-815E-BFC21B0594C5}.Debug|arm64.Build.0 = Debug|arm64
		{82A5B7D1-8DA5-4806-815E-BFC21B0594C5}.Debug|x64.ActiveCfg = Debug|x64
		{82A5B7D1-8DA5-4806-815E-BFC21B0594C5}.Debug|x64.Build.0 = Debug|x64
		{82A5B7D1-8DA5-4806-815E-BFC21B0594C5}.Debug|x86.ActiveCfg = Debug|x86
		{82A5B7D1-8DA5-4806-815E-BFC21B0594C5}.Debug|x86.Build.0 = Debug|x86
		{82A5B7D1-8DA5-4806-815E-BFC21B0594C5}.Release|Any CPU.ActiveCfg = Release|x86
		{82A5B7D1-8DA5-4806-815E-BFC21B0594C5}.Release|arm64.ActiveCfg = Release|arm64
		{82A5B7D1-8DA5-4806-815E-BFC21B0594C5}.Release|arm64.Build.0 = Release|arm64
		{82A5B7D1-8DA5-4806-815E-BFC21B0594C5}.Release|x64.ActiveCfg = Release|x64
		{82A5B7D1-8DA5-4806-815E-BFC21B0594C5}.Release|x64.Build.0 = Release|x64
		{82A5B7D1-8DA5-4806-815E-BFC21B0594C5}.Release|x86.ActiveCfg = Release|x86
		{82A5B7D1-8DA5-4806-815E-BFC21B0594C5}.Release|x86.Build.0 = Release|x86
		{A36E4B34-0458-4F62-B375-4C9D1CCF133A}.Debug|Any CPU.ActiveCfg = Debug|Any CPU
		{A36E4B34-0458-4F62-B375-4C9D1CCF133A}.Debug|Any CPU.Build.0 = Debug|Any CPU
		{A36E4B34-0458-4F62-B375-4C9D1CCF133A}.Debug|arm64.ActiveCfg = Debug|Any CPU
		{A36E4B34-0458-4F62-B375-4C9D1CCF133A}.Debug|arm64.Build.0 = Debug|Any CPU
		{A36E4B34-0458-4F62-B375-4C9D1CCF133A}.Debug|x64.ActiveCfg = Debug|Any CPU
		{A36E4B34-0458-4F62-B375-4C9D1CCF133A}.Debug|x64.Build.0 = Debug|Any CPU
		{A36E4B34-0458-4F62-B375-4C9D1CCF133A}.Debug|x86.ActiveCfg = Debug|Any CPU
		{A36E4B34-0458-4F62-B375-4C9D1CCF133A}.Debug|x86.Build.0 = Debug|Any CPU
		{A36E4B34-0458-4F62-B375-4C9D1CCF133A}.Release|Any CPU.ActiveCfg = Release|Any CPU
		{A36E4B34-0458-4F62-B375-4C9D1CCF133A}.Release|Any CPU.Build.0 = Release|Any CPU
		{A36E4B34-0458-4F62-B375-4C9D1CCF133A}.Release|arm64.ActiveCfg = Release|Any CPU
		{A36E4B34-0458-4F62-B375-4C9D1CCF133A}.Release|arm64.Build.0 = Release|Any CPU
		{A36E4B34-0458-4F62-B375-4C9D1CCF133A}.Release|x64.ActiveCfg = Release|Any CPU
		{A36E4B34-0458-4F62-B375-4C9D1CCF133A}.Release|x64.Build.0 = Release|Any CPU
		{A36E4B34-0458-4F62-B375-4C9D1CCF133A}.Release|x86.ActiveCfg = Release|Any CPU
		{A36E4B34-0458-4F62-B375-4C9D1CCF133A}.Release|x86.Build.0 = Release|Any CPU
		{488111C9-BFFD-4DB9-A781-182EE3B2B663}.Debug|Any CPU.ActiveCfg = Debug|Any CPU
		{488111C9-BFFD-4DB9-A781-182EE3B2B663}.Debug|Any CPU.Build.0 = Debug|Any CPU
		{488111C9-BFFD-4DB9-A781-182EE3B2B663}.Debug|arm64.ActiveCfg = Debug|Any CPU
		{488111C9-BFFD-4DB9-A781-182EE3B2B663}.Debug|arm64.Build.0 = Debug|Any CPU
		{488111C9-BFFD-4DB9-A781-182EE3B2B663}.Debug|x64.ActiveCfg = Debug|Any CPU
		{488111C9-BFFD-4DB9-A781-182EE3B2B663}.Debug|x64.Build.0 = Debug|Any CPU
		{488111C9-BFFD-4DB9-A781-182EE3B2B663}.Debug|x86.ActiveCfg = Debug|Any CPU
		{488111C9-BFFD-4DB9-A781-182EE3B2B663}.Debug|x86.Build.0 = Debug|Any CPU
		{488111C9-BFFD-4DB9-A781-182EE3B2B663}.Release|Any CPU.ActiveCfg = Release|Any CPU
		{488111C9-BFFD-4DB9-A781-182EE3B2B663}.Release|Any CPU.Build.0 = Release|Any CPU
		{488111C9-BFFD-4DB9-A781-182EE3B2B663}.Release|arm64.ActiveCfg = Release|Any CPU
		{488111C9-BFFD-4DB9-A781-182EE3B2B663}.Release|arm64.Build.0 = Release|Any CPU
		{488111C9-BFFD-4DB9-A781-182EE3B2B663}.Release|x64.ActiveCfg = Release|Any CPU
		{488111C9-BFFD-4DB9-A781-182EE3B2B663}.Release|x64.Build.0 = Release|Any CPU
		{488111C9-BFFD-4DB9-A781-182EE3B2B663}.Release|x86.ActiveCfg = Release|Any CPU
		{488111C9-BFFD-4DB9-A781-182EE3B2B663}.Release|x86.Build.0 = Release|Any CPU
		{E3B2CF31-39AF-4000-B6C5-F56351F7C13C}.Debug|Any CPU.ActiveCfg = Debug|Any CPU
		{E3B2CF31-39AF-4000-B6C5-F56351F7C13C}.Debug|Any CPU.Build.0 = Debug|Any CPU
		{E3B2CF31-39AF-4000-B6C5-F56351F7C13C}.Debug|arm64.ActiveCfg = Debug|Any CPU
		{E3B2CF31-39AF-4000-B6C5-F56351F7C13C}.Debug|arm64.Build.0 = Debug|Any CPU
		{E3B2CF31-39AF-4000-B6C5-F56351F7C13C}.Debug|x64.ActiveCfg = Debug|Any CPU
		{E3B2CF31-39AF-4000-B6C5-F56351F7C13C}.Debug|x64.Build.0 = Debug|Any CPU
		{E3B2CF31-39AF-4000-B6C5-F56351F7C13C}.Debug|x86.ActiveCfg = Debug|Any CPU
		{E3B2CF31-39AF-4000-B6C5-F56351F7C13C}.Debug|x86.Build.0 = Debug|Any CPU
		{E3B2CF31-39AF-4000-B6C5-F56351F7C13C}.Release|Any CPU.ActiveCfg = Release|Any CPU
		{E3B2CF31-39AF-4000-B6C5-F56351F7C13C}.Release|Any CPU.Build.0 = Release|Any CPU
		{E3B2CF31-39AF-4000-B6C5-F56351F7C13C}.Release|arm64.ActiveCfg = Release|Any CPU
		{E3B2CF31-39AF-4000-B6C5-F56351F7C13C}.Release|arm64.Build.0 = Release|Any CPU
		{E3B2CF31-39AF-4000-B6C5-F56351F7C13C}.Release|x64.ActiveCfg = Release|Any CPU
		{E3B2CF31-39AF-4000-B6C5-F56351F7C13C}.Release|x64.Build.0 = Release|Any CPU
		{E3B2CF31-39AF-4000-B6C5-F56351F7C13C}.Release|x86.ActiveCfg = Release|Any CPU
		{E3B2CF31-39AF-4000-B6C5-F56351F7C13C}.Release|x86.Build.0 = Release|Any CPU
	EndGlobalSection
	GlobalSection(SolutionProperties) = preSolution
		HideSolutionNode = FALSE
	EndGlobalSection
	GlobalSection(ExtensibilityGlobals) = postSolution
		SolutionGuid = {B3C6E3C2-D11C-480E-9DCF-ECCD2E8C3BDA}
	EndGlobalSection
EndGlobal
